
Microsoft Visual Studio Solution File, Format Version 12.00
# Visual Studio 15
Project("{FAE04EC0-301F-11D3-BF4B-00C04F79EFBC}") = "UnityEngine.UI", "UnityEngine.UI.csproj", "{B1FC70AB-D283-20AD-42E5-81F648BAAF22}"
EndProject
Project("{FAE04EC0-301F-11D3-BF4B-00C04F79EFBC}") = "UnityEngine.TestRunner", "UnityEngine.TestRunner.csproj", "{FEE72EB0-183A-E8C5-18DB-B6378A4CFA20}"
EndProject
Project("{FAE04EC0-301F-11D3-BF4B-00C04F79EFBC}") = "Unity.Mathematics", "Unity.Mathematics.csproj", "{E03C7D80-2FEB-71E6-F626-6FDB1B20D4AA}"
EndProject
Project("{FAE04EC0-301F-11D3-BF4B-00C04F79EFBC}") = "Unity.2D.Animation.Triangle.Runtime", "Unity.2D.Animation.Triangle.Runtime.csproj", "{0F0ED124-4926-6123-FBBF-B754ADA5C3B8}"
EndProject
Project("{FAE04EC0-301F-11D3-BF4B-00C04F79EFBC}") = "Unity.Timeline", "Unity.Timeline.csproj", "{C41842E6-C1CF-4E3C-E674-3E28C08E6BEC}"
EndProject
Project("{FAE04EC0-301F-11D3-BF4B-00C04F79EFBC}") = "Unity.TextMeshPro", "Unity.TextMeshPro.csproj", "{5B33C4AB-C4A8-46C4-0FF4-1A199D079E38}"
EndProject
Project("{FAE04EC0-301F-11D3-BF4B-00C04F79EFBC}") = "Unity.2D.Animation.Runtime", "Unity.2D.Animation.Runtime.csproj", "{738702A2-06ED-79E9-9F12-125FE77500EA}"
EndProject
Project("{FAE04EC0-301F-11D3-BF4B-00C04F79EFBC}") = "Unity.2D.IK.Runtime", "Unity.2D.IK.Runtime.csproj", "{48DCA031-CA16-5688-CBA6-C45EA3ED61AD}"
EndProject
Project("{FAE04EC0-301F-11D3-BF4B-00C04F79EFBC}") = "Unity.2D.SpriteShape.Runtime", "Unity.2D.SpriteShape.Runtime.csproj", "{DEFF11BB-484D-E562-55B3-22D58A64136A}"
EndProject
Project("{FAE04EC0-301F-11D3-BF4B-00C04F79EFBC}") = "Assembly-CSharp", "Assembly-CSharp.csproj", "{1E6AF404-B552-EE12-E4DE-39218F85AA8A}"
EndProject
Project("{FAE04EC0-301F-11D3-BF4B-00C04F79EFBC}") = "Unity.2D.PixelPerfect", "Unity.2D.PixelPerfect.csproj", "{6D95F95A-7BE7-1561-CC1E-B1006627CCE1}"
EndProject
Project("{FAE04EC0-301F-11D3-BF4B-00C04F79EFBC}") = "Unity.2D.Common.Runtime", "Unity.2D.Common.Runtime.csproj", "{409B4B5E-66DE-79EC-EE3A-D8431C3D8A33}"
EndProject
Project("{FAE04EC0-301F-11D3-BF4B-00C04F79EFBC}") = "Unity.InternalAPIEngineBridge.001", "Unity.InternalAPIEngineBridge.001.csproj", "{D77BD6A9-6A3D-8FDA-A34B-AACF7A8A730F}"
EndProject
Project("{FAE04EC0-301F-11D3-BF4B-00C04F79EFBC}") = "UnityEditor.TestRunner", "UnityEditor.TestRunner.csproj", "{F3451C72-68A6-FF1C-7AF6-CFD69D752193}"
EndProject
Project("{FAE04EC0-301F-11D3-BF4B-00C04F79EFBC}") = "Unity.PlasticSCM.Editor", "Unity.PlasticSCM.Editor.csproj", "{90E280AB-6574-551D-7CEF-3FE8B53B98EF}"
EndProject
Project("{FAE04EC0-301F-11D3-BF4B-00C04F79EFBC}") = "UnityEditor.UI", "UnityEditor.UI.csproj", "{93F2E979-7C72-0C1F-613F-6CF344C5FEAD}"
EndProject
Project("{FAE04EC0-301F-11D3-BF4B-00C04F79EFBC}") = "Unity.Timeline.Editor", "Unity.Timeline.Editor.csproj", "{A611A080-2EDB-D3D4-B893-656EA61A12F3}"
EndProject
Project("{FAE04EC0-301F-11D3-BF4B-00C04F79EFBC}") = "Unity.VisualStudio.Editor", "Unity.VisualStudio.Editor.csproj", "{42589EB2-21CD-8738-154D-DB38B3ACD54A}"
EndProject
Project("{FAE04EC0-301F-11D3-BF4B-00C04F79EFBC}") = "Unity.2D.Psdimporter.Editor", "Unity.2D.Psdimporter.Editor.csproj", "{75049D53-88E2-3CA3-84F1-443816B835B9}"
EndProject
Project("{FAE04EC0-301F-11D3-BF4B-00C04F79EFBC}") = "Unity.2D.Animation.Editor", "Unity.2D.Animation.Editor.csproj", "{47DC15FF-3402-6CBA-5AFC-6A8D43B20610}"
EndProject
Project("{FAE04EC0-301F-11D3-BF4B-00C04F79EFBC}") = "Unity.TextMeshPro.Editor", "Unity.TextMeshPro.Editor.csproj", "{AE2CE496-0461-25C5-4622-C8614A47BD31}"
EndProject
Project("{FAE04EC0-301F-11D3-BF4B-00C04F79EFBC}") = "Unity.2D.SpriteShape.Editor", "Unity.2D.SpriteShape.Editor.csproj", "{8DAE77EB-7DCB-B7CB-B776-5333D107859F}"
EndProject
Project("{FAE04EC0-301F-11D3-BF4B-00C04F79EFBC}") = "Unity.CollabProxy.Editor", "Unity.CollabProxy.Editor.csproj", "{5FB3B68A-8AE9-4E2C-8803-2DDD6751059E}"
EndProject
Project("{FAE04EC0-301F-11D3-BF4B-00C04F79EFBC}") = "PsdPlugin", "PsdPlugin.csproj", "{52A3C98E-B900-B614-7534-B07E9039BF6A}"
EndProject
Project("{FAE04EC0-301F-11D3-BF4B-00C04F79EFBC}") = "Unity.2D.Path.Editor", "Unity.2D.Path.Editor.csproj", "{7E04629C-9207-4E44-E2CF-1D4FAC9004E1}"
EndProject
Project("{FAE04EC0-301F-11D3-BF4B-00C04F79EFBC}") = "Unity.Rider.Editor", "Unity.Rider.Editor.csproj", "{75D9EE85-6533-8A1A-3FC1-CC4CD98507E1}"
EndProject
Project("{FAE04EC0-301F-11D3-BF4B-00C04F79EFBC}") = "Unity.2D.IK.Editor", "Unity.2D.IK.Editor.csproj", "{ACAD1A4C-0C60-FFBC-E236-7AE2B88531F4}"
EndProject
Project("{FAE04EC0-301F-11D3-BF4B-00C04F79EFBC}") = "Unity.2D.Sprite.Editor", "Unity.2D.Sprite.Editor.csproj", "{ABEAE588-1FC5-3ECE-8ED4-D1D42533BE66}"
EndProject
Project("{FAE04EC0-301F-11D3-BF4B-00C04F79EFBC}") = "Unity.2D.Tilemap.Editor", "Unity.2D.Tilemap.Editor.csproj", "{018C7E22-30BE-F2C1-554B-59BD07B0A5A2}"
EndProject
Project("{FAE04EC0-301F-11D3-BF4B-00C04F79EFBC}") = "Unity.2D.PixelPerfect.Editor", "Unity.2D.PixelPerfect.Editor.csproj", "{81E3E45B-24D2-A1C2-1FF5-929A748D15A7}"
EndProject
Project("{FAE04EC0-301F-11D3-BF4B-00C04F79EFBC}") = "Unity.VSCode.Editor", "Unity.VSCode.Editor.csproj", "{F3FE46EE-77AC-D27F-F731-EB13A876A7B3}"
EndProject
Project("{FAE04EC0-301F-11D3-BF4B-00C04F79EFBC}") = "Unity.2D.Common.Editor", "Unity.2D.Common.Editor.csproj", "{76C70BB3-F225-0161-E003-0F088573AC49}"
EndProject
Project("{FAE04EC0-301F-11D3-BF4B-00C04F79EFBC}") = "Unity.Mathematics.Editor", "Unity.Mathematics.Editor.csproj", "{10B03FBE-7909-009C-CDC9-A89212F9525C}"
EndProject
Project("{FAE04EC0-301F-11D3-BF4B-00C04F79EFBC}") = "Unity.InternalAPIEditorBridge.001", "Unity.InternalAPIEditorBridge.001.csproj", "{52F321F3-6A1D-41E5-1B73-2841F1D344A5}"
EndProject
Project("{FAE04EC0-301F-11D3-BF4B-00C04F79EFBC}") = "UnityEngine.UI", "UnityEngine.UI.Player.csproj", "{E6CF6B18-415E-74A7-A7C0-6AD39DAD7813}"
EndProject
Project("{FAE04EC0-301F-11D3-BF4B-00C04F79EFBC}") = "UnityEngine.TestRunner", "UnityEngine.TestRunner.Player.csproj", "{F14D214F-3A4E-14E4-3771-77F5EDFEF5A1}"
EndProject
Project("{FAE04EC0-301F-11D3-BF4B-00C04F79EFBC}") = "Unity.Mathematics", "Unity.Mathematics.Player.csproj", "{1C877D56-B43E-BCED-94C1-43A51BE65393}"
EndProject
Project("{FAE04EC0-301F-11D3-BF4B-00C04F79EFBC}") = "Unity.2D.Animation.Triangle.Runtime", "Unity.2D.Animation.Triangle.Runtime.Player.csproj", "{BD6568D0-9042-077E-1A9B-4E0C83FE250E}"
EndProject
Project("{FAE04EC0-301F-11D3-BF4B-00C04F79EFBC}") = "Unity.Timeline", "Unity.Timeline.Player.csproj", "{A681C775-2092-825A-F8D5-97312E570A6B}"
EndProject
Project("{FAE04EC0-301F-11D3-BF4B-00C04F79EFBC}") = "Unity.TextMeshPro", "Unity.TextMeshPro.Player.csproj", "{63126ADD-B9EB-0032-81AF-0CB69BED2EF5}"
EndProject
Project("{FAE04EC0-301F-11D3-BF4B-00C04F79EFBC}") = "Unity.2D.Animation.Runtime", "Unity.2D.Animation.Runtime.Player.csproj", "{BF0BBBD3-48BD-A3F8-C604-6DDB8DCD8A1D}"
EndProject
Project("{FAE04EC0-301F-11D3-BF4B-00C04F79EFBC}") = "Unity.2D.IK.Runtime", "Unity.2D.IK.Runtime.Player.csproj", "{BD0F213D-7233-5229-760B-BBA239868F31}"
EndProject
Project("{FAE04EC0-301F-11D3-BF4B-00C04F79EFBC}") = "Unity.2D.SpriteShape.Runtime", "Unity.2D.SpriteShape.Runtime.Player.csproj", "{EB1D87EA-DA92-39DF-7506-AAAE17B94E52}"
EndProject
Project("{FAE04EC0-301F-11D3-BF4B-00C04F79EFBC}") = "Assembly-CSharp", "Assembly-CSharp.Player.csproj", "{DD402A8B-C1F5-A6B3-A240-086EF7BF26F4}"
EndProject
Project("{FAE04EC0-301F-11D3-BF4B-00C04F79EFBC}") = "Unity.2D.PixelPerfect", "Unity.2D.PixelPerfect.Player.csproj", "{5577DD31-7B03-03D1-6FAE-B20C0DB39CEE}"
EndProject
Project("{FAE04EC0-301F-11D3-BF4B-00C04F79EFBC}") = "Unity.2D.Common.Runtime", "Unity.2D.Common.Runtime.Player.csproj", "{ED6C60D8-0A40-D569-46A5-4C08DBC616CB}"
EndProject
Project("{FAE04EC0-301F-11D3-BF4B-00C04F79EFBC}") = "Unity.InternalAPIEngineBridge.001", "Unity.InternalAPIEngineBridge.001.Player.csproj", "{A1220447-9982-598E-1972-259A49760905}"
EndProject
Global
	GlobalSection(SolutionConfigurationPlatforms) = preSolution
		Debug|Any CPU = Debug|Any CPU
		Release|Any CPU = Release|Any CPU
	EndGlobalSection
	GlobalSection(ProjectConfigurationPlatforms) = postSolution
		{B1FC70AB-D283-20AD-42E5-81F648BAAF22}.Debug|Any CPU.ActiveCfg = Debug|Any CPU
		{B1FC70AB-D283-20AD-42E5-81F648BAAF22}.Debug|Any CPU.Build.0 = Debug|Any CPU
		{B1FC70AB-D283-20AD-42E5-81F648BAAF22}.Release|Any CPU.ActiveCfg = Release|Any CPU
		{B1FC70AB-D283-20AD-42E5-81F648BAAF22}.Release|Any CPU.Build.0 = Release|Any CPU
		{FEE72EB0-183A-E8C5-18DB-B6378A4CFA20}.Debug|Any CPU.ActiveCfg = Debug|Any CPU
		{FEE72EB0-183A-E8C5-18DB-B6378A4CFA20}.Debug|Any CPU.Build.0 = Debug|Any CPU
		{FEE72EB0-183A-E8C5-18DB-B6378A4CFA20}.Release|Any CPU.ActiveCfg = Release|Any CPU
		{FEE72EB0-183A-E8C5-18DB-B6378A4CFA20}.Release|Any CPU.Build.0 = Release|Any CPU
		{E03C7D80-2FEB-71E6-F626-6FDB1B20D4AA}.Debug|Any CPU.ActiveCfg = Debug|Any CPU
		{E03C7D80-2FEB-71E6-F626-6FDB1B20D4AA}.Debug|Any CPU.Build.0 = Debug|Any CPU
		{E03C7D80-2FEB-71E6-F626-6FDB1B20D4AA}.Release|Any CPU.ActiveCfg = Release|Any CPU
		{E03C7D80-2FEB-71E6-F626-6FDB1B20D4AA}.Release|Any CPU.Build.0 = Release|Any CPU
		{0F0ED124-4926-6123-FBBF-B754ADA5C3B8}.Debug|Any CPU.ActiveCfg = Debug|Any CPU
		{0F0ED124-4926-6123-FBBF-B754ADA5C3B8}.Debug|Any CPU.Build.0 = Debug|Any CPU
		{0F0ED124-4926-6123-FBBF-B754ADA5C3B8}.Release|Any CPU.ActiveCfg = Release|Any CPU
		{0F0ED124-4926-6123-FBBF-B754ADA5C3B8}.Release|Any CPU.Build.0 = Release|Any CPU
		{C41842E6-C1CF-4E3C-E674-3E28C08E6BEC}.Debug|Any CPU.ActiveCfg = Debug|Any CPU
		{C41842E6-C1CF-4E3C-E674-3E28C08E6BEC}.Debug|Any CPU.Build.0 = Debug|Any CPU
		{C41842E6-C1CF-4E3C-E674-3E28C08E6BEC}.Release|Any CPU.ActiveCfg = Release|Any CPU
		{C41842E6-C1CF-4E3C-E674-3E28C08E6BEC}.Release|Any CPU.Build.0 = Release|Any CPU
		{5B33C4AB-C4A8-46C4-0FF4-1A199D079E38}.Debug|Any CPU.ActiveCfg = Debug|Any CPU
		{5B33C4AB-C4A8-46C4-0FF4-1A199D079E38}.Debug|Any CPU.Build.0 = Debug|Any CPU
		{5B33C4AB-C4A8-46C4-0FF4-1A199D079E38}.Release|Any CPU.ActiveCfg = Release|Any CPU
		{5B33C4AB-C4A8-46C4-0FF4-1A199D079E38}.Release|Any CPU.Build.0 = Release|Any CPU
		{738702A2-06ED-79E9-9F12-125FE77500EA}.Debug|Any CPU.ActiveCfg = Debug|Any CPU
		{738702A2-06ED-79E9-9F12-125FE77500EA}.Debug|Any CPU.Build.0 = Debug|Any CPU
		{738702A2-06ED-79E9-9F12-125FE77500EA}.Release|Any CPU.ActiveCfg = Release|Any CPU
		{738702A2-06ED-79E9-9F12-125FE77500EA}.Release|Any CPU.Build.0 = Release|Any CPU
		{48DCA031-CA16-5688-CBA6-C45EA3ED61AD}.Debug|Any CPU.ActiveCfg = Debug|Any CPU
		{48DCA031-CA16-5688-CBA6-C45EA3ED61AD}.Debug|Any CPU.Build.0 = Debug|Any CPU
		{48DCA031-CA16-5688-CBA6-C45EA3ED61AD}.Release|Any CPU.ActiveCfg = Release|Any CPU
		{48DCA031-CA16-5688-CBA6-C45EA3ED61AD}.Release|Any CPU.Build.0 = Release|Any CPU
		{DEFF11BB-484D-E562-55B3-22D58A64136A}.Debug|Any CPU.ActiveCfg = Debug|Any CPU
		{DEFF11BB-484D-E562-55B3-22D58A64136A}.Debug|Any CPU.Build.0 = Debug|Any CPU
		{DEFF11BB-484D-E562-55B3-22D58A64136A}.Release|Any CPU.ActiveCfg = Release|Any CPU
		{DEFF11BB-484D-E562-55B3-22D58A64136A}.Release|Any CPU.Build.0 = Release|Any CPU
		{1E6AF404-B552-EE12-E4DE-39218F85AA8A}.Debug|Any CPU.ActiveCfg = Debug|Any CPU
		{1E6AF404-B552-EE12-E4DE-39218F85AA8A}.Debug|Any CPU.Build.0 = Debug|Any CPU
		{1E6AF404-B552-EE12-E4DE-39218F85AA8A}.Release|Any CPU.ActiveCfg = Release|Any CPU
		{1E6AF404-B552-EE12-E4DE-39218F85AA8A}.Release|Any CPU.Build.0 = Release|Any CPU
		{6D95F95A-7BE7-1561-CC1E-B1006627CCE1}.Debug|Any CPU.ActiveCfg = Debug|Any CPU
		{6D95F95A-7BE7-1561-CC1E-B1006627CCE1}.Debug|Any CPU.Build.0 = Debug|Any CPU
		{6D95F95A-7BE7-1561-CC1E-B1006627CCE1}.Release|Any CPU.ActiveCfg = Release|Any CPU
		{6D95F95A-7BE7-1561-CC1E-B1006627CCE1}.Release|Any CPU.Build.0 = Release|Any CPU
		{409B4B5E-66DE-79EC-EE3A-D8431C3D8A33}.Debug|Any CPU.ActiveCfg = Debug|Any CPU
		{409B4B5E-66DE-79EC-EE3A-D8431C3D8A33}.Debug|Any CPU.Build.0 = Debug|Any CPU
		{409B4B5E-66DE-79EC-EE3A-D8431C3D8A33}.Release|Any CPU.ActiveCfg = Release|Any CPU
		{409B4B5E-66DE-79EC-EE3A-D8431C3D8A33}.Release|Any CPU.Build.0 = Release|Any CPU
		{D77BD6A9-6A3D-8FDA-A34B-AACF7A8A730F}.Debug|Any CPU.ActiveCfg = Debug|Any CPU
		{D77BD6A9-6A3D-8FDA-A34B-AACF7A8A730F}.Debug|Any CPU.Build.0 = Debug|Any CPU
		{D77BD6A9-6A3D-8FDA-A34B-AACF7A8A730F}.Release|Any CPU.ActiveCfg = Release|Any CPU
		{D77BD6A9-6A3D-8FDA-A34B-AACF7A8A730F}.Release|Any CPU.Build.0 = Release|Any CPU
		{F3451C72-68A6-FF1C-7AF6-CFD69D752193}.Debug|Any CPU.ActiveCfg = Debug|Any CPU
		{F3451C72-68A6-FF1C-7AF6-CFD69D752193}.Debug|Any CPU.Build.0 = Debug|Any CPU
		{F3451C72-68A6-FF1C-7AF6-CFD69D752193}.Release|Any CPU.ActiveCfg = Release|Any CPU
		{F3451C72-68A6-FF1C-7AF6-CFD69D752193}.Release|Any CPU.Build.0 = Release|Any CPU
		{90E280AB-6574-551D-7CEF-3FE8B53B98EF}.Debug|Any CPU.ActiveCfg = Debug|Any CPU
		{90E280AB-6574-551D-7CEF-3FE8B53B98EF}.Debug|Any CPU.Build.0 = Debug|Any CPU
		{90E280AB-6574-551D-7CEF-3FE8B53B98EF}.Release|Any CPU.ActiveCfg = Release|Any CPU
		{90E280AB-6574-551D-7CEF-3FE8B53B98EF}.Release|Any CPU.Build.0 = Release|Any CPU
		{93F2E979-7C72-0C1F-613F-6CF344C5FEAD}.Debug|Any CPU.ActiveCfg = Debug|Any CPU
		{93F2E979-7C72-0C1F-613F-6CF344C5FEAD}.Debug|Any CPU.Build.0 = Debug|Any CPU
		{93F2E979-7C72-0C1F-613F-6CF344C5FEAD}.Release|Any CPU.ActiveCfg = Release|Any CPU
		{93F2E979-7C72-0C1F-613F-6CF344C5FEAD}.Release|Any CPU.Build.0 = Release|Any CPU
		{A611A080-2EDB-D3D4-B893-656EA61A12F3}.Debug|Any CPU.ActiveCfg = Debug|Any CPU
		{A611A080-2EDB-D3D4-B893-656EA61A12F3}.Debug|Any CPU.Build.0 = Debug|Any CPU
		{A611A080-2EDB-D3D4-B893-656EA61A12F3}.Release|Any CPU.ActiveCfg = Release|Any CPU
		{A611A080-2EDB-D3D4-B893-656EA61A12F3}.Release|Any CPU.Build.0 = Release|Any CPU
		{42589EB2-21CD-8738-154D-DB38B3ACD54A}.Debug|Any CPU.ActiveCfg = Debug|Any CPU
		{42589EB2-21CD-8738-154D-DB38B3ACD54A}.Debug|Any CPU.Build.0 = Debug|Any CPU
		{42589EB2-21CD-8738-154D-DB38B3ACD54A}.Release|Any CPU.ActiveCfg = Release|Any CPU
		{42589EB2-21CD-8738-154D-DB38B3ACD54A}.Release|Any CPU.Build.0 = Release|Any CPU
		{75049D53-88E2-3CA3-84F1-443816B835B9}.Debug|Any CPU.ActiveCfg = Debug|Any CPU
		{75049D53-88E2-3CA3-84F1-443816B835B9}.Debug|Any CPU.Build.0 = Debug|Any CPU
		{75049D53-88E2-3CA3-84F1-443816B835B9}.Release|Any CPU.ActiveCfg = Release|Any CPU
		{75049D53-88E2-3CA3-84F1-443816B835B9}.Release|Any CPU.Build.0 = Release|Any CPU
		{47DC15FF-3402-6CBA-5AFC-6A8D43B20610}.Debug|Any CPU.ActiveCfg = Debug|Any CPU
		{47DC15FF-3402-6CBA-5AFC-6A8D43B20610}.Debug|Any CPU.Build.0 = Debug|Any CPU
		{47DC15FF-3402-6CBA-5AFC-6A8D43B20610}.Release|Any CPU.ActiveCfg = Release|Any CPU
		{47DC15FF-3402-6CBA-5AFC-6A8D43B20610}.Release|Any CPU.Build.0 = Release|Any CPU
		{AE2CE496-0461-25C5-4622-C8614A47BD31}.Debug|Any CPU.ActiveCfg = Debug|Any CPU
		{AE2CE496-0461-25C5-4622-C8614A47BD31}.Debug|Any CPU.Build.0 = Debug|Any CPU
		{AE2CE496-0461-25C5-4622-C8614A47BD31}.Release|Any CPU.ActiveCfg = Release|Any CPU
		{AE2CE496-0461-25C5-4622-C8614A47BD31}.Release|Any CPU.Build.0 = Release|Any CPU
		{8DAE77EB-7DCB-B7CB-B776-5333D107859F}.Debug|Any CPU.ActiveCfg = Debug|Any CPU
		{8DAE77EB-7DCB-B7CB-B776-5333D107859F}.Debug|Any CPU.Build.0 = Debug|Any CPU
		{8DAE77EB-7DCB-B7CB-B776-5333D107859F}.Release|Any CPU.ActiveCfg = Release|Any CPU
		{8DAE77EB-7DCB-B7CB-B776-5333D107859F}.Release|Any CPU.Build.0 = Release|Any CPU
		{5FB3B68A-8AE9-4E2C-8803-2DDD6751059E}.Debug|Any CPU.ActiveCfg = Debug|Any CPU
		{5FB3B68A-8AE9-4E2C-8803-2DDD6751059E}.Debug|Any CPU.Build.0 = Debug|Any CPU
		{5FB3B68A-8AE9-4E2C-8803-2DDD6751059E}.Release|Any CPU.ActiveCfg = Release|Any CPU
		{5FB3B68A-8AE9-4E2C-8803-2DDD6751059E}.Release|Any CPU.Build.0 = Release|Any CPU
		{52A3C98E-B900-B614-7534-B07E9039BF6A}.Debug|Any CPU.ActiveCfg = Debug|Any CPU
		{52A3C98E-B900-B614-7534-B07E9039BF6A}.Debug|Any CPU.Build.0 = Debug|Any CPU
		{52A3C98E-B900-B614-7534-B07E9039BF6A}.Release|Any CPU.ActiveCfg = Release|Any CPU
		{52A3C98E-B900-B614-7534-B07E9039BF6A}.Release|Any CPU.Build.0 = Release|Any CPU
		{7E04629C-9207-4E44-E2CF-1D4FAC9004E1}.Debug|Any CPU.ActiveCfg = Debug|Any CPU
		{7E04629C-9207-4E44-E2CF-1D4FAC9004E1}.Debug|Any CPU.Build.0 = Debug|Any CPU
		{7E04629C-9207-4E44-E2CF-1D4FAC9004E1}.Release|Any CPU.ActiveCfg = Release|Any CPU
		{7E04629C-9207-4E44-E2CF-1D4FAC9004E1}.Release|Any CPU.Build.0 = Release|Any CPU
		{75D9EE85-6533-8A1A-3FC1-CC4CD98507E1}.Debug|Any CPU.ActiveCfg = Debug|Any CPU
		{75D9EE85-6533-8A1A-3FC1-CC4CD98507E1}.Debug|Any CPU.Build.0 = Debug|Any CPU
		{75D9EE85-6533-8A1A-3FC1-CC4CD98507E1}.Release|Any CPU.ActiveCfg = Release|Any CPU
		{75D9EE85-6533-8A1A-3FC1-CC4CD98507E1}.Release|Any CPU.Build.0 = Release|Any CPU
		{ACAD1A4C-0C60-FFBC-E236-7AE2B88531F4}.Debug|Any CPU.ActiveCfg = Debug|Any CPU
		{ACAD1A4C-0C60-FFBC-E236-7AE2B88531F4}.Debug|Any CPU.Build.0 = Debug|Any CPU
		{ACAD1A4C-0C60-FFBC-E236-7AE2B88531F4}.Release|Any CPU.ActiveCfg = Release|Any CPU
		{ACAD1A4C-0C60-FFBC-E236-7AE2B88531F4}.Release|Any CPU.Build.0 = Release|Any CPU
		{ABEAE588-1FC5-3ECE-8ED4-D1D42533BE66}.Debug|Any CPU.ActiveCfg = Debug|Any CPU
		{ABEAE588-1FC5-3ECE-8ED4-D1D42533BE66}.Debug|Any CPU.Build.0 = Debug|Any CPU
		{ABEAE588-1FC5-3ECE-8ED4-D1D42533BE66}.Release|Any CPU.ActiveCfg = Release|Any CPU
		{ABEAE588-1FC5-3ECE-8ED4-D1D42533BE66}.Release|Any CPU.Build.0 = Release|Any CPU
		{018C7E22-30BE-F2C1-554B-59BD07B0A5A2}.Debug|Any CPU.ActiveCfg = Debug|Any CPU
		{018C7E22-30BE-F2C1-554B-59BD07B0A5A2}.Debug|Any CPU.Build.0 = Debug|Any CPU
		{018C7E22-30BE-F2C1-554B-59BD07B0A5A2}.Release|Any CPU.ActiveCfg = Release|Any CPU
		{018C7E22-30BE-F2C1-554B-59BD07B0A5A2}.Release|Any CPU.Build.0 = Release|Any CPU
		{81E3E45B-24D2-A1C2-1FF5-929A748D15A7}.Debug|Any CPU.ActiveCfg = Debug|Any CPU
		{81E3E45B-24D2-A1C2-1FF5-929A748D15A7}.Debug|Any CPU.Build.0 = Debug|Any CPU
		{81E3E45B-24D2-A1C2-1FF5-929A748D15A7}.Release|Any CPU.ActiveCfg = Release|Any CPU
		{81E3E45B-24D2-A1C2-1FF5-929A748D15A7}.Release|Any CPU.Build.0 = Release|Any CPU
		{F3FE46EE-77AC-D27F-F731-EB13A876A7B3}.Debug|Any CPU.ActiveCfg = Debug|Any CPU
		{F3FE46EE-77AC-D27F-F731-EB13A876A7B3}.Debug|Any CPU.Build.0 = Debug|Any CPU
		{F3FE46EE-77AC-D27F-F731-EB13A876A7B3}.Release|Any CPU.ActiveCfg = Release|Any CPU
		{F3FE46EE-77AC-D27F-F731-EB13A876A7B3}.Release|Any CPU.Build.0 = Release|Any CPU
		{76C70BB3-F225-0161-E003-0F088573AC49}.Debug|Any CPU.ActiveCfg = Debug|Any CPU
		{76C70BB3-F225-0161-E003-0F088573AC49}.Debug|Any CPU.Build.0 = Debug|Any CPU
		{76C70BB3-F225-0161-E003-0F088573AC49}.Release|Any CPU.ActiveCfg = Release|Any CPU
		{76C70BB3-F225-0161-E003-0F088573AC49}.Release|Any CPU.Build.0 = Release|Any CPU
		{10B03FBE-7909-009C-CDC9-A89212F9525C}.Debug|Any CPU.ActiveCfg = Debug|Any CPU
		{10B03FBE-7909-009C-CDC9-A89212F9525C}.Debug|Any CPU.Build.0 = Debug|Any CPU
		{10B03FBE-7909-009C-CDC9-A89212F9525C}.Release|Any CPU.ActiveCfg = Release|Any CPU
		{10B03FBE-7909-009C-CDC9-A89212F9525C}.Release|Any CPU.Build.0 = Release|Any CPU
		{52F321F3-6A1D-41E5-1B73-2841F1D344A5}.Debug|Any CPU.ActiveCfg = Debug|Any CPU
		{52F321F3-6A1D-41E5-1B73-2841F1D344A5}.Debug|Any CPU.Build.0 = Debug|Any CPU
		{52F321F3-6A1D-41E5-1B73-2841F1D344A5}.Release|Any CPU.ActiveCfg = Release|Any CPU
		{52F321F3-6A1D-41E5-1B73-2841F1D344A5}.Release|Any CPU.Build.0 = Release|Any CPU
		{E6CF6B18-415E-74A7-A7C0-6AD39DAD7813}.Debug|Any CPU.ActiveCfg = Debug|Any CPU
		{E6CF6B18-415E-74A7-A7C0-6AD39DAD7813}.Debug|Any CPU.Build.0 = Debug|Any CPU
		{E6CF6B18-415E-74A7-A7C0-6AD39DAD7813}.Release|Any CPU.ActiveCfg = Release|Any CPU
		{E6CF6B18-415E-74A7-A7C0-6AD39DAD7813}.Release|Any CPU.Build.0 = Release|Any CPU
		{F14D214F-3A4E-14E4-3771-77F5EDFEF5A1}.Debug|Any CPU.ActiveCfg = Debug|Any CPU
		{F14D214F-3A4E-14E4-3771-77F5EDFEF5A1}.Debug|Any CPU.Build.0 = Debug|Any CPU
		{F14D214F-3A4E-14E4-3771-77F5EDFEF5A1}.Release|Any CPU.ActiveCfg = Release|Any CPU
		{F14D214F-3A4E-14E4-3771-77F5EDFEF5A1}.Release|Any CPU.Build.0 = Release|Any CPU
		{1C877D56-B43E-BCED-94C1-43A51BE65393}.Debug|Any CPU.ActiveCfg = Debug|Any CPU
		{1C877D56-B43E-BCED-94C1-43A51BE65393}.Debug|Any CPU.Build.0 = Debug|Any CPU
		{1C877D56-B43E-BCED-94C1-43A51BE65393}.Release|Any CPU.ActiveCfg = Release|Any CPU
		{1C877D56-B43E-BCED-94C1-43A51BE65393}.Release|Any CPU.Build.0 = Release|Any CPU
		{BD6568D0-9042-077E-1A9B-4E0C83FE250E}.Debug|Any CPU.ActiveCfg = Debug|Any CPU
		{BD6568D0-9042-077E-1A9B-4E0C83FE250E}.Debug|Any CPU.Build.0 = Debug|Any CPU
		{BD6568D0-9042-077E-1A9B-4E0C83FE250E}.Release|Any CPU.ActiveCfg = Release|Any CPU
		{BD6568D0-9042-077E-1A9B-4E0C83FE250E}.Release|Any CPU.Build.0 = Release|Any CPU
		{A681C775-2092-825A-F8D5-97312E570A6B}.Debug|Any CPU.ActiveCfg = Debug|Any CPU
		{A681C775-2092-825A-F8D5-97312E570A6B}.Debug|Any CPU.Build.0 = Debug|Any CPU
		{A681C775-2092-825A-F8D5-97312E570A6B}.Release|Any CPU.ActiveCfg = Release|Any CPU
		{A681C775-2092-825A-F8D5-97312E570A6B}.Release|Any CPU.Build.0 = Release|Any CPU
		{63126ADD-B9EB-0032-81AF-0CB69BED2EF5}.Debug|Any CPU.ActiveCfg = Debug|Any CPU
		{63126ADD-B9EB-0032-81AF-0CB69BED2EF5}.Debug|Any CPU.Build.0 = Debug|Any CPU
		{63126ADD-B9EB-0032-81AF-0CB69BED2EF5}.Release|Any CPU.ActiveCfg = Release|Any CPU
		{63126ADD-B9EB-0032-81AF-0CB69BED2EF5}.Release|Any CPU.Build.0 = Release|Any CPU
		{BF0BBBD3-48BD-A3F8-C604-6DDB8DCD8A1D}.Debug|Any CPU.ActiveCfg = Debug|Any CPU
		{BF0BBBD3-48BD-A3F8-C604-6DDB8DCD8A1D}.Debug|Any CPU.Build.0 = Debug|Any CPU
		{BF0BBBD3-48BD-A3F8-C604-6DDB8DCD8A1D}.Release|Any CPU.ActiveCfg = Release|Any CPU
		{BF0BBBD3-48BD-A3F8-C604-6DDB8DCD8A1D}.Release|Any CPU.Build.0 = Release|Any CPU
		{BD0F213D-7233-5229-760B-BBA239868F31}.Debug|Any CPU.ActiveCfg = Debug|Any CPU
		{BD0F213D-7233-5229-760B-BBA239868F31}.Debug|Any CPU.Build.0 = Debug|Any CPU
		{BD0F213D-7233-5229-760B-BBA239868F31}.Release|Any CPU.ActiveCfg = Release|Any CPU
		{BD0F213D-7233-5229-760B-BBA239868F31}.Release|Any CPU.Build.0 = Release|Any CPU
		{EB1D87EA-DA92-39DF-7506-AAAE17B94E52}.Debug|Any CPU.ActiveCfg = Debug|Any CPU
		{EB1D87EA-DA92-39DF-7506-AAAE17B94E52}.Debug|Any CPU.Build.0 = Debug|Any CPU
		{EB1D87EA-DA92-39DF-7506-AAAE17B94E52}.Release|Any CPU.ActiveCfg = Release|Any CPU
		{EB1D87EA-DA92-39DF-7506-AAAE17B94E52}.Release|Any CPU.Build.0 = Release|Any CPU
		{DD402A8B-C1F5-A6B3-A240-086EF7BF26F4}.Debug|Any CPU.ActiveCfg = Debug|Any CPU
		{DD402A8B-C1F5-A6B3-A240-086EF7BF26F4}.Debug|Any CPU.Build.0 = Debug|Any CPU
		{DD402A8B-C1F5-A6B3-A240-086EF7BF26F4}.Release|Any CPU.ActiveCfg = Release|Any CPU
		{DD402A8B-C1F5-A6B3-A240-086EF7BF26F4}.Release|Any CPU.Build.0 = Release|Any CPU
		{5577DD31-7B03-03D1-6FAE-B20C0DB39CEE}.Debug|Any CPU.ActiveCfg = Debug|Any CPU
		{5577DD31-7B03-03D1-6FAE-B20C0DB39CEE}.Debug|Any CPU.Build.0 = Debug|Any CPU
		{5577DD31-7B03-03D1-6FAE-B20C0DB39CEE}.Release|Any CPU.ActiveCfg = Release|Any CPU
		{5577DD31-7B03-03D1-6FAE-B20C0DB39CEE}.Release|Any CPU.Build.0 = Release|Any CPU
		{ED6C60D8-0A40-D569-46A5-4C08DBC616CB}.Debug|Any CPU.ActiveCfg = Debug|Any CPU
		{ED6C60D8-0A40-D569-46A5-4C08DBC616CB}.Debug|Any CPU.Build.0 = Debug|Any CPU
		{ED6C60D8-0A40-D569-46A5-4C08DBC616CB}.Release|Any CPU.ActiveCfg = Release|Any CPU
		{ED6C60D8-0A40-D569-46A5-4C08DBC616CB}.Release|Any CPU.Build.0 = Release|Any CPU
		{A1220447-9982-598E-1972-259A49760905}.Debug|Any CPU.ActiveCfg = Debug|Any CPU
		{A1220447-9982-598E-1972-259A49760905}.Debug|Any CPU.Build.0 = Debug|Any CPU
		{A1220447-9982-598E-1972-259A49760905}.Release|Any CPU.ActiveCfg = Release|Any CPU
		{A1220447-9982-598E-1972-259A49760905}.Release|Any CPU.Build.0 = Release|Any CPU
	EndGlobalSection
	GlobalSection(SolutionProperties) = preSolution
		HideSolutionNode = FALSE
	EndGlobalSection
EndGlobal
